{
  "version": 4,
  "terraform_version": "0.14.10",
  "serial": 165,
  "lineage": "9882bc2c-2ec2-7783-0f03-c7db4e307694",
  "outputs": {},
  "resources": [
    {
      "mode": "data",
      "type": "mso_site",
      "name": "site1",
      "provider": "provider[\"registry.terraform.io/ciscodevnet/mso\"]",
      "instances": [
        {
          "schema_version": 0,
          "attributes": {
            "apic_site_id": "1",
            "cloud_providers": null,
            "id": "604cb28e3600008313fdc897",
            "labels": [],
            "location": {
              "lat": "34.94472498307298",
              "long": "-117.33811492572197"
            },
            "name": "site1",
            "password": "******",
            "urls": [
              "https://172.21.208.173",
              "https://172.21.208.174",
              "https://172.21.208.175"
            ],
            "username": "apic#Local\\\\admin"
          },
          "sensitive_attributes": []
        }
      ]
    },
    {
      "mode": "data",
      "type": "mso_site",
      "name": "site2",
      "provider": "provider[\"registry.terraform.io/ciscodevnet/mso\"]",
      "instances": [
        {
          "schema_version": 0,
          "attributes": {
            "apic_site_id": "2",
            "cloud_providers": null,
            "id": "6052a9213500002d68f627fa",
            "labels": [],
            "location": {
              "lat": "33.19440293403983",
              "long": "-115.44000000000003"
            },
            "name": "site2",
            "password": "******",
            "urls": [
              "https://172.21.208.241",
              "https://172.21.208.242",
              "https://172.21.208.243"
            ],
            "username": "apic#Local\\\\admin"
          },
          "sensitive_attributes": []
        }
      ]
    },
    {
      "mode": "managed",
      "type": "mso_schema",
      "name": "student-lab3-schema",
      "provider": "provider[\"registry.terraform.io/ciscodevnet/mso\"]",
      "instances": [
        {
          "schema_version": 1,
          "attributes": {
            "id": "607b6096350000109ba11aac",
            "name": "student31-lab3-schema",
            "template_name": "student31-template",
            "tenant_id": "607b60953500003f9ba11aab"
          },
          "sensitive_attributes": [],
          "private": "eyJzY2hlbWFfdmVyc2lvbiI6IjEifQ==",
          "dependencies": [
            "data.mso_site.site1",
            "data.mso_site.site2",
            "mso_tenant.tenant"
          ]
        }
      ]
    },
    {
      "mode": "managed",
      "type": "mso_schema",
      "name": "student-lab3-schema-2",
      "provider": "provider[\"registry.terraform.io/ciscodevnet/mso\"]",
      "instances": [
        {
          "schema_version": 1,
          "attributes": {
            "id": "607b6093370000047f8fc098",
            "name": "student31-lab3-schema-2",
            "template_name": "student31-template",
            "tenant_id": "607b60953500003f9ba11aab"
          },
          "sensitive_attributes": [],
          "private": "eyJzY2hlbWFfdmVyc2lvbiI6IjEifQ==",
          "dependencies": [
            "data.mso_site.site1",
            "data.mso_site.site2",
            "mso_tenant.tenant"
          ]
        }
      ]
    },
    {
      "mode": "managed",
      "type": "mso_schema_site",
      "name": "student-schema-2-site1",
      "provider": "provider[\"registry.terraform.io/ciscodevnet/mso\"]",
      "instances": [
        {
          "schema_version": 1,
          "attributes": {
            "id": "604cb28e3600008313fdc897",
            "schema_id": "607b6093370000047f8fc098",
            "site_id": "604cb28e3600008313fdc897",
            "template_name": "student31-template"
          },
          "sensitive_attributes": [],
          "dependencies": [
            "data.mso_site.site1",
            "data.mso_site.site2",
            "mso_schema.student-lab3-schema-2",
            "mso_tenant.tenant"
          ]
        }
      ]
    },
    {
      "mode": "managed",
      "type": "mso_schema_site",
      "name": "student-schema-2-site2",
      "provider": "provider[\"registry.terraform.io/ciscodevnet/mso\"]",
      "instances": [
        {
          "schema_version": 1,
          "attributes": {
            "id": "6052a9213500002d68f627fa",
            "schema_id": "607b6093370000047f8fc098",
            "site_id": "6052a9213500002d68f627fa",
            "template_name": "student31-template"
          },
          "sensitive_attributes": [],
          "dependencies": [
            "data.mso_site.site1",
            "data.mso_site.site2",
            "mso_schema.student-lab3-schema-2",
            "mso_tenant.tenant"
          ]
        }
      ]
    },
    {
      "mode": "managed",
      "type": "mso_schema_site",
      "name": "student-schema-site1",
      "provider": "provider[\"registry.terraform.io/ciscodevnet/mso\"]",
      "instances": [
        {
          "schema_version": 1,
          "attributes": {
            "id": "604cb28e3600008313fdc897",
            "schema_id": "607b6096350000109ba11aac",
            "site_id": "604cb28e3600008313fdc897",
            "template_name": "student31-template"
          },
          "sensitive_attributes": [],
          "dependencies": [
            "data.mso_site.site1",
            "data.mso_site.site2",
            "mso_schema.student-lab3-schema",
            "mso_tenant.tenant"
          ]
        }
      ]
    },
    {
      "mode": "managed",
      "type": "mso_schema_site",
      "name": "student-schema-site2",
      "provider": "provider[\"registry.terraform.io/ciscodevnet/mso\"]",
      "instances": [
        {
          "schema_version": 1,
          "attributes": {
            "id": "6052a9213500002d68f627fa",
            "schema_id": "607b6096350000109ba11aac",
            "site_id": "6052a9213500002d68f627fa",
            "template_name": "student31-template"
          },
          "sensitive_attributes": [],
          "dependencies": [
            "data.mso_site.site1",
            "data.mso_site.site2",
            "mso_schema.student-lab3-schema",
            "mso_tenant.tenant"
          ]
        }
      ]
    },
    {
      "mode": "managed",
      "type": "mso_schema_template_anp",
      "name": "schema-2-anp",
      "provider": "provider[\"registry.terraform.io/ciscodevnet/mso\"]",
      "instances": [
        {
          "schema_version": 0,
          "attributes": {
            "display_name": "anp",
            "id": "anp",
            "name": "anp",
            "schema_id": "607b6093370000047f8fc098",
            "template": "student31-template"
          },
          "sensitive_attributes": [],
          "dependencies": [
            "data.mso_site.site1",
            "data.mso_site.site2",
            "mso_schema.student-lab3-schema-2",
            "mso_tenant.tenant"
          ]
        }
      ]
    },
    {
      "mode": "managed",
      "type": "mso_schema_template_anp_epg",
      "name": "anp_epg-app",
      "provider": "provider[\"registry.terraform.io/ciscodevnet/mso\"]",
      "instances": [
        {
          "schema_version": 1,
          "attributes": {
            "anp_name": "anp",
            "bd_name": "web-bd",
            "bd_schema_id": "607b6093370000047f8fc098",
            "bd_template_name": "student31-template",
            "display_name": "app",
            "id": "app",
            "intersite_multicast_source": false,
            "intra_epg": "unenforced",
            "name": "app",
            "preferred_group": false,
            "proxy_arp": false,
            "schema_id": "607b6093370000047f8fc098",
            "template_name": "student31-template",
            "useg_epg": false,
            "vrf_name": "msm-vrf",
            "vrf_schema_id": "607b6096350000109ba11aac",
            "vrf_template_name": "student31-template"
          },
          "sensitive_attributes": [],
          "dependencies": [
            "data.mso_site.site1",
            "data.mso_site.site2",
            "mso_schema.student-lab3-schema",
            "mso_schema.student-lab3-schema-2",
            "mso_schema_template_bd.bridge_domain-web",
            "mso_schema_template_vrf.student-vrf",
            "mso_tenant.tenant"
          ]
        }
      ]
    },
    {
      "mode": "managed",
      "type": "mso_schema_template_anp_epg",
      "name": "anp_epg-web",
      "provider": "provider[\"registry.terraform.io/ciscodevnet/mso\"]",
      "instances": [
        {
          "schema_version": 1,
          "attributes": {
            "anp_name": "anp",
            "bd_name": "web-bd",
            "bd_schema_id": "607b6093370000047f8fc098",
            "bd_template_name": "student31-template",
            "display_name": "web",
            "id": "web",
            "intersite_multicast_source": false,
            "intra_epg": "unenforced",
            "name": "web",
            "preferred_group": false,
            "proxy_arp": false,
            "schema_id": "607b6093370000047f8fc098",
            "template_name": "student31-template",
            "useg_epg": false,
            "vrf_name": "msm-vrf",
            "vrf_schema_id": "607b6096350000109ba11aac",
            "vrf_template_name": "student31-template"
          },
          "sensitive_attributes": [],
          "dependencies": [
            "data.mso_site.site1",
            "data.mso_site.site2",
            "mso_schema.student-lab3-schema",
            "mso_schema.student-lab3-schema-2",
            "mso_schema_template_bd.bridge_domain-web",
            "mso_schema_template_vrf.student-vrf",
            "mso_tenant.tenant"
          ]
        }
      ]
    },
    {
      "mode": "managed",
      "type": "mso_schema_template_bd",
      "name": "bridge_domain-app",
      "provider": "provider[\"registry.terraform.io/ciscodevnet/mso\"]",
      "instances": [
        {
          "schema_version": 1,
          "attributes": {
            "dhcp_policy": {},
            "display_name": "app-bd",
            "id": "app-bd",
            "intersite_bum_traffic": false,
            "layer2_stretch": null,
            "layer2_unknown_unicast": "proxy",
            "layer3_multicast": null,
            "name": "app-bd",
            "optimize_wan_bandwidth": null,
            "schema_id": "607b6093370000047f8fc098",
            "template_name": "student31-template",
            "vrf_name": "msm-vrf",
            "vrf_schema_id": "607b6096350000109ba11aac",
            "vrf_template_name": "student31-template"
          },
          "sensitive_attributes": [],
          "private": "eyJzY2hlbWFfdmVyc2lvbiI6IjEifQ==",
          "dependencies": [
            "data.mso_site.site1",
            "data.mso_site.site2",
            "mso_schema.student-lab3-schema",
            "mso_schema.student-lab3-schema-2",
            "mso_schema_template_vrf.student-vrf",
            "mso_tenant.tenant"
          ]
        }
      ]
    },
    {
      "mode": "managed",
      "type": "mso_schema_template_bd",
      "name": "bridge_domain-web",
      "provider": "provider[\"registry.terraform.io/ciscodevnet/mso\"]",
      "instances": [
        {
          "schema_version": 1,
          "attributes": {
            "dhcp_policy": {},
            "display_name": "web-bd",
            "id": "web-bd",
            "intersite_bum_traffic": false,
            "layer2_stretch": null,
            "layer2_unknown_unicast": "proxy",
            "layer3_multicast": null,
            "name": "web-bd",
            "optimize_wan_bandwidth": null,
            "schema_id": "607b6093370000047f8fc098",
            "template_name": "student31-template",
            "vrf_name": "msm-vrf",
            "vrf_schema_id": "607b6096350000109ba11aac",
            "vrf_template_name": "student31-template"
          },
          "sensitive_attributes": [],
          "private": "eyJzY2hlbWFfdmVyc2lvbiI6IjEifQ==",
          "dependencies": [
            "data.mso_site.site1",
            "data.mso_site.site2",
            "mso_schema.student-lab3-schema",
            "mso_schema.student-lab3-schema-2",
            "mso_schema_template_vrf.student-vrf",
            "mso_tenant.tenant"
          ]
        }
      ]
    },
    {
      "mode": "managed",
      "type": "mso_schema_template_deploy",
      "name": "student-schema-2-deploy-site1",
      "provider": "provider[\"registry.terraform.io/ciscodevnet/mso\"]",
      "instances": [
        {
          "schema_version": 1,
          "attributes": {
            "id": "607b6093370000047f8fc098",
            "schema_id": "607b6093370000047f8fc098",
            "site_id": "604cb28e3600008313fdc897",
            "template_name": "",
            "undeploy": false
          },
          "sensitive_attributes": [],
          "private": "eyJzY2hlbWFfdmVyc2lvbiI6IjEifQ==",
          "dependencies": [
            "data.mso_site.site1",
            "data.mso_site.site2",
            "mso_schema.student-lab3-schema-2",
            "mso_tenant.tenant"
          ]
        }
      ]
    },
    {
      "mode": "managed",
      "type": "mso_schema_template_deploy",
      "name": "student-schema-2-deploy-site2",
      "provider": "provider[\"registry.terraform.io/ciscodevnet/mso\"]",
      "instances": [
        {
          "schema_version": 1,
          "attributes": {
            "id": "607b6093370000047f8fc098",
            "schema_id": "607b6093370000047f8fc098",
            "site_id": "6052a9213500002d68f627fa",
            "template_name": "",
            "undeploy": false
          },
          "sensitive_attributes": [],
          "private": "eyJzY2hlbWFfdmVyc2lvbiI6IjEifQ==",
          "dependencies": [
            "data.mso_site.site1",
            "data.mso_site.site2",
            "mso_schema.student-lab3-schema-2",
            "mso_tenant.tenant"
          ]
        }
      ]
    },
    {
      "mode": "managed",
      "type": "mso_schema_template_deploy",
      "name": "student-schema-deploy-site1",
      "provider": "provider[\"registry.terraform.io/ciscodevnet/mso\"]",
      "instances": [
        {
          "schema_version": 1,
          "attributes": {
            "id": "607b6096350000109ba11aac",
            "schema_id": "607b6096350000109ba11aac",
            "site_id": "604cb28e3600008313fdc897",
            "template_name": "",
            "undeploy": false
          },
          "sensitive_attributes": [],
          "private": "eyJzY2hlbWFfdmVyc2lvbiI6IjEifQ==",
          "dependencies": [
            "data.mso_site.site1",
            "data.mso_site.site2",
            "mso_schema.student-lab3-schema",
            "mso_tenant.tenant"
          ]
        }
      ]
    },
    {
      "mode": "managed",
      "type": "mso_schema_template_deploy",
      "name": "student-schema-deploy-site2",
      "provider": "provider[\"registry.terraform.io/ciscodevnet/mso\"]",
      "instances": [
        {
          "schema_version": 1,
          "attributes": {
            "id": "607b6096350000109ba11aac",
            "schema_id": "607b6096350000109ba11aac",
            "site_id": "6052a9213500002d68f627fa",
            "template_name": "",
            "undeploy": false
          },
          "sensitive_attributes": [],
          "private": "eyJzY2hlbWFfdmVyc2lvbiI6IjEifQ==",
          "dependencies": [
            "data.mso_site.site1",
            "data.mso_site.site2",
            "mso_schema.student-lab3-schema",
            "mso_tenant.tenant"
          ]
        }
      ]
    },
    {
      "mode": "managed",
      "type": "mso_schema_template_vrf",
      "name": "student-vrf",
      "provider": "provider[\"registry.terraform.io/ciscodevnet/mso\"]",
      "instances": [
        {
          "schema_version": 0,
          "attributes": {
            "display_name": "msm-vrf",
            "id": "msm-vrf",
            "layer3_multicast": false,
            "name": "msm-vrf",
            "schema_id": "607b6096350000109ba11aac",
            "template": "student31-template",
            "vzany": false
          },
          "sensitive_attributes": [],
          "private": "bnVsbA==",
          "dependencies": [
            "data.mso_site.site1",
            "data.mso_site.site2",
            "mso_schema.student-lab3-schema",
            "mso_tenant.tenant"
          ]
        }
      ]
    },
    {
      "mode": "managed",
      "type": "mso_tenant",
      "name": "tenant",
      "provider": "provider[\"registry.terraform.io/ciscodevnet/mso\"]",
      "instances": [
        {
          "schema_version": 1,
          "attributes": {
            "description": "{}",
            "display_name": "student31-lab3",
            "id": "607b60953500003f9ba11aab",
            "name": "student31-lab3",
            "site_associations": [
              {
                "aws_access_key_id": "",
                "aws_account_id": "",
                "aws_secret_key": "",
                "azure_access_type": "",
                "azure_active_directory_id": "",
                "azure_application_id": "",
                "azure_client_secret": "",
                "azure_shared_account_id": "",
                "azure_subscription_id": "",
                "is_aws_account_trusted": false,
                "security_domains": [],
                "site_id": "604cb28e3600008313fdc897",
                "vendor": ""
              },
              {
                "aws_access_key_id": "",
                "aws_account_id": "",
                "aws_secret_key": "",
                "azure_access_type": "",
                "azure_active_directory_id": "",
                "azure_application_id": "",
                "azure_client_secret": "",
                "azure_shared_account_id": "",
                "azure_subscription_id": "",
                "is_aws_account_trusted": false,
                "security_domains": [],
                "site_id": "6052a9213500002d68f627fa",
                "vendor": ""
              }
            ],
            "user_associations": [
              {
                "user_id": "0000ffff0000000000000020"
              },
              {
                "user_id": "60691673370000fd4a4cb4a5"
              }
            ]
          },
          "sensitive_attributes": [],
          "private": "eyJzY2hlbWFfdmVyc2lvbiI6IjEifQ==",
          "dependencies": [
            "data.mso_site.site1",
            "data.mso_site.site2"
          ]
        }
      ]
    }
  ]
}
